lockfileVersion: '9.0'

settings:
  autoInstallPeers: true
  excludeLinksFromLockfile: false

importers:

  .:
    dependencies:
      '@unseenco/taxi':
        specifier: ^1.9.0
        version: 1.9.0
      gsap:
        specifier: ^3.13.0
        version: 3.13.0
      lenis:
        specifier: ^1.3.4
        version: 1.3.4
      three:
        specifier: ^0.185.0
        version: 0.185.1
      three-custom-shader-material:
        specifier: ^6.4.0
        version: 6.4.0(three@0.185.1)
      typescript:
        specifier: ^5.7.3
        version: 5.8.3
    devDependencies:
      '@types/three':
        specifier: ^0.185.0
        version: 0.185.0
      bun:
        specifier: ^1.1.45
        version: 1.2.5
      bun-types:
        specifier: latest
        version: 1.3.14
      mkcert:
        specifier: ^3.2.0
        version: 3.2.0

packages:

  '@dimforge/rapier3d-compat@0.12.0':
    resolution: {integrity: sha512-uekIGetywIgopfD97oDL5PfeezkFpNhwlzlaEYNOA0N6ghdsOvh/HYjSMek5Q2O1PYvRSDFcqFVJl4r4ZBwOow==}

  '@oven/bun-darwin-aarch64@1.2.5':
    resolution: {integrity: sha512-ggZfdpgUJ/OiWrfcfTgHeSTHcec5HAjkGrZHL9FJ/R60sydRKPYHgAgexdIoJAGfsCVAL+x7y8NSTRIAX8J4Ng==}
    cpu: [arm64]
    os: [darwin]

  '@oven/bun-darwin-x64-baseline@1.2.5':
    resolution: {integrity: sha512-3W1RO3/D6Z1S79J47F/DLzmK+dgkYq5hS1ShOCSBAYTTA2b1ZuymaN8avGzSb9ed5W0QfxtyeAksfEY2xUBOqA==}
    cpu: [x64]
    os: [darwin]

  '@oven/bun-darwin-x64@1.2.5':
    resolution: {integrity: sha512-4zqyQLJB33s99KcTxH6yQqH5EYBmF1qofQTtLsToIFbIZN1NqSp/aegYiGmxO5Kj/BuWsy8Wf8MS6vX2O0o2Lw==}
    cpu: [x64]
    os: [darwin]

  '@oven/bun-linux-aarch64-musl@1.2.5':
    resolution: {integrity: sha512-URlISBOE2HQi8qdru691OYywJRwChxMfXFbk26tCgdZ01LgGAKsIjAYylefuSsPuA697imDN3Pel3D7rveusmw==}
    cpu: [aarch64]
    os: [linux]

  '@oven/bun-linux-aarch64@1.2.5':
    resolution: {integrity: sha512-NQFtAVyQyJhLYrhFVxKdh6cqrDNc60pBnBGLQSO8PU+oyFyiJ3e3gGXjLzMbxd6cJxNIK5FZ0JIq96WljKAhlg==}
    cpu: [arm64]
    os: [linux]

  '@oven/bun-linux-x64-baseline@1.2.5':
    resolution: {integrity: sha512-fCm/qp7e3VYlaoRs6NIEsKubPqyxjzLv8/qZkxeLLOlPd7CS8L26UY4KPOSjA+wrhPT+Nxsyvl/EEJq2R/iauA==}
    cpu: [x64]
    os: [linux]

  '@oven/bun-linux-x64-musl-baseline@1.2.5':
    resolution: {integrity: sha512-H7tuJz7mZvOTPo4yLbIXIxkiDGWSGd2DbwGl4zNol/FURqGsKQVqpomv86yl9KCXsUUOm5FX2i5Ed+ro8N//Cg==}
    cpu: [x64]
    os: [linux]

  '@oven/bun-linux-x64-musl@1.2.5':
    resolution: {integrity: sha512-DuU2kQnY48g9tNWjFrZqyG+U2emCBwlhOPxbuY/TMVVNSTMAcQbE/bb3s2pZdhZH5ssjc5SH/ZyWU1TePcYB2A==}
    cpu: [x64]
    os: [linux]

  '@oven/bun-linux-x64@1.2.5':
    resolution: {integrity: sha512-pa3kQ4cXNV0jk5aM8+Hdmxr+b4QoPVgeAIA454SN5l3hMGfNsHjczKpsz0ksInZ8506iMMTCPEBXpyQJcSme+Q==}
    cpu: [x64]
    os: [linux]

  '@oven/bun-windows-x64-baseline@1.2.5':
    resolution: {integrity: sha512-j5FxI8FeKfWI6rEXA+1O3ASBMTp5CFcZ7MR+/aCpiBKrDse32wLaZMVGnvqQqs4y0YHUvR8b7eXHHTboezjL1w==}
    cpu: [x64]
    os: [win32]

  '@oven/bun-windows-x64@1.2.5':
    resolution: {integrity: sha512-oNDdPmzsCyvCATiYgkKWgxOeEx2F7m/i2MGUba+YJAeVXJsJg9iPJrLVBtETvKoSAgkXViwoUEw2U25jRYsp4g==}
    cpu: [x64]
    os: [win32]

  '@tweenjs/tween.js@23.1.3':
    resolution: {integrity: sha512-vJmvvwFxYuGnF2axRtPYocag6Clbb5YS7kLL+SO/TeVFzHqDIWrNKYtcsPMibjDx9O+bu+psAy9NKfWklassUA==}

  '@types/node@22.13.10':
    resolution: {integrity: sha512-I6LPUvlRH+O6VRUqYOcMudhaIdUVWfsjnZavnsraHvpBwaEyMN29ry+0UVJhImYL16xsscu0aske3yA+uPOWfw==}

  '@types/stats.js@0.17.4':
    resolution: {integrity: sha512-jIBvWWShCvlBqBNIZt0KAshWpvSjhkwkEu4ZUcASoAvhmrgAUI2t1dXrjSL4xXVLB4FznPrIsX3nKXFl/Dt4vA==}

  '@types/three@0.185.0':
    resolution: {integrity: sha512-O2Uy8Cj4Nonr8dWUUbifMdPe8B0Mq7EdOHb89S4+kjUw/KhbjTZrUuYlrQ1bpUKG+EP9QJnN7qNxbHGlGoLHMA==}

  '@types/webxr@0.5.24':
    resolution: {integrity: sha512-h8fgEd/DpoS9CBrjEQXR+dIDraopAEfu4wYVNY2tEPwk60stPWhvZMf4Foo5FakuQ7HFZoa8WceaWFervK2Ovg==}

  '@unseenco/e@2.5.0':
    resolution: {integrity: sha512-9eJ6Anii+eoreu1TKxZRImCqoQ2djFrtNToZj++MTLW1j/NbmVCQUeO/x/86VxV7HINsZ8GuFkNfRJKb03HR/Q==}

  '@unseenco/taxi@1.9.0':
    resolution: {integrity: sha512-Nkawr7WoLqyjDBRXHPbf3GoGK1N83jD2potQTWG6OQuGiUlmHyfG/NaIADH4JH92grYdRgnIpDiUjhNj2ct28A==}

  bun-types@1.3.14:
    resolution: {integrity: sha512-4N0ig0fEomHt5R0KCFWjovxow98rIoRwKolrYdCcknNwMekCXRnWEUvgu5soYV8QXtVsrUD8B95MBOZGPvr6KQ==}

  bun@1.2.5:
    resolution: {integrity: sha512-fbQLt+DPiGUrPKdmsHRRT7cQAlfjdxPVFvLZrsUPmKiTdv+pU50ypdx9yRJluknSbyaZchFVV7Lx2KXikXKX2Q==}
    cpu: [arm64, x64, aarch64]
    os: [darwin, linux, win32]
    hasBin: true

  commander@11.1.0:
    resolution: {integrity: sha512-yPVavfyCcRhmorC7rWlkHn15b4wDVgVmBA7kV4QVBsF7kv/9TKJAbAXVTxvTnwP8HHKjRCJDClKbciiYS7p0DQ==}
    engines: {node: '>=16'}

  fflate@0.8.3:
    resolution: {integrity: sha512-tbZNuJrLwGUp3zshBtdy4W+ORxZuIh8a5ilyIEQDC5rY1f3U20JMry0Ll3WBzU58EZKsEuJFXhb5gwv8CsPvgA==}

  gsap@3.13.0:
    resolution: {integrity: sha512-QL7MJ2WMjm1PHWsoFrAQH/J8wUeqZvMtHO58qdekHpCfhvhSL4gSiz6vJf5EeMP0LOn3ZCprL2ki/gjED8ghVw==}

  lenis@1.3.4:
    resolution: {integrity: sha512-WIGk8wiV2ABm/T7M+NC+tAV8fjzNJD1J4z11aZ3mTtx7WAZX/4QdCNhBO0g/TqXISA+/3hTbzrPC4FW1nhoNMQ==}
    peerDependencies:
      '@nuxt/kit': '>=3.0.0'
      react: '>=17.0.0'
      vue: '>=3.0.0'
    peerDependenciesMeta:
      '@nuxt/kit':
        optional: true
      react:
        optional: true
      vue:
        optional: true

  meshoptimizer@1.1.1:
    resolution: {integrity: sha512-oRFNWJRDA/WTrVj7NWvqa5HqE1t9MYDj2VaWirQCzCCrAd2GHrqR/sQezCxiWATPNlKTcRaPRHPJwIRoPBAp5g==}

  mkcert@3.2.0:
    resolution: {integrity: sha512-026Eivq9RoOjOuLJGzbhGwXUAjBxRX11Z7Jbm4/7lqT/Av+XNy9SPrJte6+UpEt7i+W3e/HZYxQqlQcqXZWSzg==}
    engines: {node: '>=16'}
    hasBin: true

  node-forge@1.3.1:
    resolution: {integrity: sha512-dPEtOeMvF9VMcYV/1Wb8CPoVAXtp6MKMlcbAt4ddqmGqUJ6fQZFXkNZNkNlfevtNkGtaSoXf/vNNNSvgrdXwtA==}
    engines: {node: '>= 6.13.0'}

  selector-set@1.1.5:
    resolution: {integrity: sha512-6SQw6yMew5iOZ8/cDHDEnJWRM4ot2mxP6szZyF5ptrBogw4AcS4EXRj/8BUfgAMwVfdL84qpModlBMOl2NVrsQ==}

  three-custom-shader-material@6.4.0:
    resolution: {integrity: sha512-dIbkwX1P4DcHMOZrywW+/TDp5qJhlyU6NP/2kmHw91UqC+TrK4JSBtAV3qGc6UnkqSOmR1i0O+Yz5EnTp2aQ1g==}
    peerDependencies:
      '@react-three/fiber': '>=8.0'
      react: '>=18.0'
      three: '>=0.159'
    peerDependenciesMeta:
      '@react-three/fiber':
        optional: true
      react:
        optional: true

  three@0.185.1:
    resolution: {integrity: sha512-5aojFCXKwnjBRZvUnt3WFfEcvUJgkN5LlijRFN95hMy8WVkG4I0QNcJE+OuWvuJ0bOdStrbfXn0pkd6/QyiAlg==}

  typescript@5.8.3:
    resolution: {integrity: sha512-p1diW6TqL9L07nNxvRMM7hMMw4c5XOo/1ibL4aAIGmSAt9slTE1Xgw5KWuof2uTOvCg9BY7ZRi+GaF+7sfgPeQ==}
    engines: {node: '>=14.17'}
    hasBin: true

  undici-types@6.20.0:
    resolution: {integrity: sha512-Ny6QZ2Nju20vw1SRHe3d9jVu6gJ+4e3+MMpqu7pqE5HT6WsTSlce++GQmK5UXS8mzV8DSYHrQH+Xrf2jVcuKNg==}

snapshots:

  '@dimforge/rapier3d-compat@0.12.0': {}

  '@oven/bun-darwin-aarch64@1.2.5':
    optional: true

  '@oven/bun-darwin-x64-baseline@1.2.5':
    optional: true

  '@oven/bun-darwin-x64@1.2.5':
    optional: true

  '@oven/bun-linux-aarch64-musl@1.2.5':
    optional: true

  '@oven/bun-linux-aarch64@1.2.5':
    optional: true

  '@oven/bun-linux-x64-baseline@1.2.5':
    optional: true

  '@oven/bun-linux-x64-musl-baseline@1.2.5':
    optional: true

  '@oven/bun-linux-x64-musl@1.2.5':
    optional: true

  '@oven/bun-linux-x64@1.2.5':
    optional: true

  '@oven/bun-windows-x64-baseline@1.2.5':
    optional: true

  '@oven/bun-windows-x64@1.2.5':
    optional: true

  '@tweenjs/tween.js@23.1.3': {}

  '@types/node@22.13.10':
    dependencies:
      undici-types: 6.20.0

  '@types/stats.js@0.17.4': {}

  '@types/three@0.185.0':
    dependencies:
      '@dimforge/rapier3d-compat': 0.12.0
      '@tweenjs/tween.js': 23.1.3
      '@types/stats.js': 0.17.4
      '@types/webxr': 0.5.24
      fflate: 0.8.3
      meshoptimizer: 1.1.1

  '@types/webxr@0.5.24': {}

  '@unseenco/e@2.5.0':
    dependencies:
      selector-set: 1.1.5

  '@unseenco/taxi@1.9.0':
    dependencies:
      '@unseenco/e': 2.5.0

  bun-types@1.3.14:
    dependencies:
      '@types/node': 22.13.10

  bun@1.2.5:
    optionalDependencies:
      '@oven/bun-darwin-aarch64': 1.2.5
      '@oven/bun-darwin-x64': 1.2.5
      '@oven/bun-darwin-x64-baseline': 1.2.5
      '@oven/bun-linux-aarch64': 1.2.5
      '@oven/bun-linux-aarch64-musl': 1.2.5
      '@oven/bun-linux-x64': 1.2.5
      '@oven/bun-linux-x64-baseline': 1.2.5
      '@oven/bun-linux-x64-musl': 1.2.5
      '@oven/bun-linux-x64-musl-baseline': 1.2.5
      '@oven/bun-windows-x64': 1.2.5
      '@oven/bun-windows-x64-baseline': 1.2.5

  commander@11.1.0: {}

  fflate@0.8.3: {}

  gsap@3.13.0: {}

  lenis@1.3.4: {}

  meshoptimizer@1.1.1: {}

  mkcert@3.2.0:
    dependencies:
      commander: 11.1.0
      node-forge: 1.3.1

  node-forge@1.3.1: {}

  selector-set@1.1.5: {}

  three-custom-shader-material@6.4.0(three@0.185.1):
    dependencies:
      three: 0.185.1

  three@0.185.1: {}

  typescript@5.8.3: {}

  undici-types@6.20.0: {}
